// !$*UTF8*$!
{
	archiveVersion = 1;
	classes = {
	};
	objectVersion = 46;
	objects = {

/* Begin PBXBuildFile section */
		65041F5C1CDEBDF700771E3B /* FollowersTableViewController.swift in Sources */ = {isa = PBXBuildFile; fileRef = 65041F5B1CDEBDF700771E3B /* FollowersTableViewController.swift */; };
		65041F5E1CDEBE9D00771E3B /* FollowersCell.swift in Sources */ = {isa = PBXBuildFile; fileRef = 65041F5D1CDEBE9D00771E3B /* FollowersCell.swift */; };
		65041F601CE01E7D00771E3B /* ProfileVisitorViewController.swift in Sources */ = {isa = PBXBuildFile; fileRef = 65041F5F1CE01E7D00771E3B /* ProfileVisitorViewController.swift */; };
		650FFE501C887FF0003CAA1C /* ContactsTableViewController.swift in Sources */ = {isa = PBXBuildFile; fileRef = 650FFE4F1C887FF0003CAA1C /* ContactsTableViewController.swift */; };
		650FFE561C88A982003CAA1C /* EventFeedTableViewController.swift in Sources */ = {isa = PBXBuildFile; fileRef = 650FFE551C88A982003CAA1C /* EventFeedTableViewController.swift */; };
		651DD44C1D08A80B003F5A0E /* EstimoteSDK.framework in Frameworks */ = {isa = PBXBuildFile; fileRef = 651DD44B1D08A80B003F5A0E /* EstimoteSDK.framework */; };
		652D1E961CF62AC400E2B203 /* PostViewController.swift in Sources */ = {isa = PBXBuildFile; fileRef = 652D1E951CF62AC400E2B203 /* PostViewController.swift */; };
		652D1E981CF62AE000E2B203 /* PostTableViewCell.swift in Sources */ = {isa = PBXBuildFile; fileRef = 652D1E971CF62AE000E2B203 /* PostTableViewCell.swift */; };
		653DC32F1C44A54A00EEAECD /* ViewController.swift in Sources */ = {isa = PBXBuildFile; fileRef = 653DC32E1C44A54A00EEAECD /* ViewController.swift */; };
		653DC3321C44A54A00EEAECD /* Main.storyboard in Resources */ = {isa = PBXBuildFile; fileRef = 653DC3301C44A54A00EEAECD /* Main.storyboard */; };
		653DC3341C44A54A00EEAECD /* Assets.xcassets in Resources */ = {isa = PBXBuildFile; fileRef = 653DC3331C44A54A00EEAECD /* Assets.xcassets */; };
		653DC3371C44A54A00EEAECD /* LaunchScreen.storyboard in Resources */ = {isa = PBXBuildFile; fileRef = 653DC3351C44A54A00EEAECD /* LaunchScreen.storyboard */; };
		653DC3421C44A54A00EEAECD /* Fuse_IgniteTests.swift in Sources */ = {isa = PBXBuildFile; fileRef = 653DC3411C44A54A00EEAECD /* Fuse_IgniteTests.swift */; };
		653DC34D1C44A54A00EEAECD /* Fuse_IgniteUITests.swift in Sources */ = {isa = PBXBuildFile; fileRef = 653DC34C1C44A54A00EEAECD /* Fuse_IgniteUITests.swift */; };
		653DC35C1C44A91600EEAECD /* Bolts.framework in Frameworks */ = {isa = PBXBuildFile; fileRef = 653DC35A1C44A91600EEAECD /* Bolts.framework */; };
		653DC35D1C44A91600EEAECD /* Parse.framework in Frameworks */ = {isa = PBXBuildFile; fileRef = 653DC35B1C44A91600EEAECD /* Parse.framework */; };
		653DC35F1C44A94900EEAECD /* AudioToolbox.framework in Frameworks */ = {isa = PBXBuildFile; fileRef = 653DC35E1C44A94900EEAECD /* AudioToolbox.framework */; };
		653DC3611C44A94F00EEAECD /* CFNetwork.framework in Frameworks */ = {isa = PBXBuildFile; fileRef = 653DC3601C44A94F00EEAECD /* CFNetwork.framework */; };
		653DC3631C44A95A00EEAECD /* CoreGraphics.framework in Frameworks */ = {isa = PBXBuildFile; fileRef = 653DC3621C44A95A00EEAECD /* CoreGraphics.framework */; };
		653DC3651C44A96200EEAECD /* CoreLocation.framework in Frameworks */ = {isa = PBXBuildFile; fileRef = 653DC3641C44A96200EEAECD /* CoreLocation.framework */; };
		653DC3671C44A96B00EEAECD /* MobileCoreServices.framework in Frameworks */ = {isa = PBXBuildFile; fileRef = 653DC3661C44A96B00EEAECD /* MobileCoreServices.framework */; };
		653DC3691C44A97200EEAECD /* QuartzCore.framework in Frameworks */ = {isa = PBXBuildFile; fileRef = 653DC3681C44A97200EEAECD /* QuartzCore.framework */; };
		653DC36B1C44A97700EEAECD /* Security.framework in Frameworks */ = {isa = PBXBuildFile; fileRef = 653DC36A1C44A97700EEAECD /* Security.framework */; };
		653DC36D1C44A98000EEAECD /* StoreKit.framework in Frameworks */ = {isa = PBXBuildFile; fileRef = 653DC36C1C44A98000EEAECD /* StoreKit.framework */; };
		653DC36F1C44A98900EEAECD /* SystemConfiguration.framework in Frameworks */ = {isa = PBXBuildFile; fileRef = 653DC36E1C44A98900EEAECD /* SystemConfiguration.framework */; };
		653DC3711C44A98F00EEAECD /* libz.tbd in Frameworks */ = {isa = PBXBuildFile; fileRef = 653DC3701C44A98F00EEAECD /* libz.tbd */; };
		653DC3731C44A99900EEAECD /* libsqlite3.tbd in Frameworks */ = {isa = PBXBuildFile; fileRef = 653DC3721C44A99800EEAECD /* libsqlite3.tbd */; };
		653DC3751C44A9B600EEAECD /* Accounts.framework in Frameworks */ = {isa = PBXBuildFile; fileRef = 653DC3741C44A9B600EEAECD /* Accounts.framework */; };
		653DC3771C44A9C000EEAECD /* Social.framework in Frameworks */ = {isa = PBXBuildFile; fileRef = 653DC3761C44A9C000EEAECD /* Social.framework */; };
		653DC37A1C44AB5900EEAECD /* SignUpViewController.swift in Sources */ = {isa = PBXBuildFile; fileRef = 653DC3791C44AB5900EEAECD /* SignUpViewController.swift */; };
		6540B98B1CAE90BB00977C8D /* FBSDKMessengerShareKit.framework in Frameworks */ = {isa = PBXBuildFile; fileRef = 6540B9871CAE90BB00977C8D /* FBSDKMessengerShareKit.framework */; };
		6540B98C1CAE90BB00977C8D /* FBSDKShareKit.framework in Frameworks */ = {isa = PBXBuildFile; fileRef = 6540B9881CAE90BB00977C8D /* FBSDKShareKit.framework */; };
		6540B98F1CAE90C800977C8D /* FacebookSDKStrings.bundle in Resources */ = {isa = PBXBuildFile; fileRef = 6540B98D1CAE90C800977C8D /* FacebookSDKStrings.bundle */; };
		6540B9901CAE90C800977C8D /* FBAudienceNetwork.framework in Frameworks */ = {isa = PBXBuildFile; fileRef = 6540B98E1CAE90C800977C8D /* FBAudienceNetwork.framework */; };
		6540B9921CAE910400977C8D /* ParseUI.framework in Frameworks */ = {isa = PBXBuildFile; fileRef = 6540B9911CAE910400977C8D /* ParseUI.framework */; };
		6540B9981CAEAA1900977C8D /* Fabric.framework in Frameworks */ = {isa = PBXBuildFile; fileRef = 6540B9941CAEAA1900977C8D /* Fabric.framework */; };
		6540B9991CAEAA1900977C8D /* TwitterKit.framework in Frameworks */ = {isa = PBXBuildFile; fileRef = 6540B9951CAEAA1900977C8D /* TwitterKit.framework */; };
		6540B99A1CAEAA1900977C8D /* TwitterKitResources.bundle in Resources */ = {isa = PBXBuildFile; fileRef = 6540B9961CAEAA1900977C8D /* TwitterKitResources.bundle */; };
		6540B99B1CAEAA1900977C8D /* TwitterCore.framework in Frameworks */ = {isa = PBXBuildFile; fileRef = 6540B9971CAEAA1900977C8D /* TwitterCore.framework */; };
		6540B99C1CAEAF1000977C8D /* AppDelegate.swift in Sources */ = {isa = PBXBuildFile; fileRef = 653DC32C1C44A54A00EEAECD /* AppDelegate.swift */; };
		655D49A41C822896007DC051 /* DiscoverTableViewController.swift in Sources */ = {isa = PBXBuildFile; fileRef = 655D49A31C822896007DC051 /* DiscoverTableViewController.swift */; };
		65603C4B1C9047CA006AA32F /* BeaconID.swift in Sources */ = {isa = PBXBuildFile; fileRef = 65603C4A1C9047CA006AA32F /* BeaconID.swift */; };
		65603C4D1C9047ED006AA32F /* BeaconNotificationsManager.swift in Sources */ = {isa = PBXBuildFile; fileRef = 65603C4C1C9047ED006AA32F /* BeaconNotificationsManager.swift */; };
		65678D0F1CEB4C3100325D8B /* ConversationTopicsTVC.swift in Sources */ = {isa = PBXBuildFile; fileRef = 65678D0E1CEB4C3100325D8B /* ConversationTopicsTVC.swift */; };
		658DCD7E1C902B3800D5FCD5 /* CoreBluetooth.framework in Frameworks */ = {isa = PBXBuildFile; fileRef = 658DCD7D1C902B3800D5FCD5 /* CoreBluetooth.framework */; };
		6592B4491CC7E3400052AE72 /* EventHomeSocialTableViewController.swift in Sources */ = {isa = PBXBuildFile; fileRef = 6592B4481CC7E3400052AE72 /* EventHomeSocialTableViewController.swift */; };
		659627301CE3D44F001BE2B4 /* PostUpdateViewController.swift in Sources */ = {isa = PBXBuildFile; fileRef = 6596272F1CE3D44F001BE2B4 /* PostUpdateViewController.swift */; };
		65B0CF821C49A21600829D6D /* MMDrawerBarButtonItem.m in Sources */ = {isa = PBXBuildFile; fileRef = 65B0CF7A1C49A21600829D6D /* MMDrawerBarButtonItem.m */; };
		65B0CF831C49A21600829D6D /* MMDrawerController.m in Sources */ = {isa = PBXBuildFile; fileRef = 65B0CF7C1C49A21600829D6D /* MMDrawerController.m */; };
		65B0CF841C49A21600829D6D /* MMDrawerVisualState.m in Sources */ = {isa = PBXBuildFile; fileRef = 65B0CF7F1C49A21600829D6D /* MMDrawerVisualState.m */; };
		65B0CF851C49A21600829D6D /* UIViewController+MMDrawerController.m in Sources */ = {isa = PBXBuildFile; fileRef = 65B0CF811C49A21600829D6D /* UIViewController+MMDrawerController.m */; };
		65B0CF891C49A30700829D6D /* MBProgressHUD.m in Sources */ = {isa = PBXBuildFile; fileRef = 65B0CF881C49A30700829D6D /* MBProgressHUD.m */; };
		65B0CF8E1C49A78C00829D6D /* LeftSideViewController.swift in Sources */ = {isa = PBXBuildFile; fileRef = 65B0CF8D1C49A78C00829D6D /* LeftSideViewController.swift */; };
		65B0CF901C49AC9400829D6D /* RightSideViewController.swift in Sources */ = {isa = PBXBuildFile; fileRef = 65B0CF8F1C49AC9400829D6D /* RightSideViewController.swift */; };
		65B0CF941C49E07800829D6D /* PasswordResetViewController.swift in Sources */ = {isa = PBXBuildFile; fileRef = 65B0CF931C49E07800829D6D /* PasswordResetViewController.swift */; };
		65B0CF961C4A933C00829D6D /* EditProfileViewController.swift in Sources */ = {isa = PBXBuildFile; fileRef = 65B0CF951C4A933C00829D6D /* EditProfileViewController.swift */; };
		65B0CF981C4C667D00829D6D /* FBSDKCoreKit.framework in Frameworks */ = {isa = PBXBuildFile; fileRef = 65B0CF971C4C667D00829D6D /* FBSDKCoreKit.framework */; };
		65B0CF9A1C4C669000829D6D /* FBSDKLoginKit.framework in Frameworks */ = {isa = PBXBuildFile; fileRef = 65B0CF991C4C669000829D6D /* FBSDKLoginKit.framework */; };
		65B0CF9E1C4C6E5300829D6D /* ParseFacebookUtilsV4.framework in Frameworks */ = {isa = PBXBuildFile; fileRef = 65B0CF9D1C4C6E5300829D6D /* ParseFacebookUtilsV4.framework */; };
		65B137421C4EA52000B1DB67 /* ParseTwitterUtils.framework in Frameworks */ = {isa = PBXBuildFile; fileRef = 65B137411C4EA52000B1DB67 /* ParseTwitterUtils.framework */; };
		65B5828B1C9A9FEB007F86C7 /* AddBeaconViewController.swift in Sources */ = {isa = PBXBuildFile; fileRef = 65B5828A1C9A9FEB007F86C7 /* AddBeaconViewController.swift */; };
		65B5828D1C9AA3FE007F86C7 /* BeaconItem.swift in Sources */ = {isa = PBXBuildFile; fileRef = 65B5828C1C9AA3FE007F86C7 /* BeaconItem.swift */; };
		65C76FE91C9181AE005D934B /* ContactsTableViewCell.swift in Sources */ = {isa = PBXBuildFile; fileRef = 65C76FE81C9181AE005D934B /* ContactsTableViewCell.swift */; };
		65C76FEB1C919F26005D934B /* BeaconTestViewController.swift in Sources */ = {isa = PBXBuildFile; fileRef = 65C76FEA1C919F26005D934B /* BeaconTestViewController.swift */; };
		65D8F33B1CF76BAF003CA45E /* EventFeedTableViewCell.swift in Sources */ = {isa = PBXBuildFile; fileRef = 65D8F33A1CF76BAF003CA45E /* EventFeedTableViewCell.swift */; };
		65DFF1471C86107F00147F44 /* MyEventsTableViewController.swift in Sources */ = {isa = PBXBuildFile; fileRef = 65DFF1461C86107F00147F44 /* MyEventsTableViewController.swift */; };
		65F742431C73532A00F4B3A0 /* CreateViewController.swift in Sources */ = {isa = PBXBuildFile; fileRef = 65F742421C73532A00F4B3A0 /* CreateViewController.swift */; };
		65F7424D1C73659900F4B3A0 /* ProfileViewController.swift in Sources */ = {isa = PBXBuildFile; fileRef = 65F7424C1C73659900F4B3A0 /* ProfileViewController.swift */; };
/* End PBXBuildFile section */

/* Begin PBXContainerItemProxy section */
		653DC33E1C44A54A00EEAECD /* PBXContainerItemProxy */ = {
			isa = PBXContainerItemProxy;
			containerPortal = 653DC3211C44A54900EEAECD /* Project object */;
			proxyType = 1;
			remoteGlobalIDString = 653DC3281C44A54900EEAECD;
			remoteInfo = "Fuse-Ignite";
		};
		653DC3491C44A54A00EEAECD /* PBXContainerItemProxy */ = {
			isa = PBXContainerItemProxy;
			containerPortal = 653DC3211C44A54900EEAECD /* Project object */;
			proxyType = 1;
			remoteGlobalIDString = 653DC3281C44A54900EEAECD;
			remoteInfo = "Fuse-Ignite";
		};
/* End PBXContainerItemProxy section */

/* Begin PBXFileReference section */
		65041F5B1CDEBDF700771E3B /* FollowersTableViewController.swift */ = {isa = PBXFileReference; fileEncoding = 4; lastKnownFileType = sourcecode.swift; path = FollowersTableViewController.swift; sourceTree = "<group>"; };
		65041F5D1CDEBE9D00771E3B /* FollowersCell.swift */ = {isa = PBXFileReference; fileEncoding = 4; lastKnownFileType = sourcecode.swift; path = FollowersCell.swift; sourceTree = "<group>"; };
		65041F5F1CE01E7D00771E3B /* ProfileVisitorViewController.swift */ = {isa = PBXFileReference; fileEncoding = 4; lastKnownFileType = sourcecode.swift; path = ProfileVisitorViewController.swift; sourceTree = "<group>"; };
		650FFE4F1C887FF0003CAA1C /* ContactsTableViewController.swift */ = {isa = PBXFileReference; fileEncoding = 4; lastKnownFileType = sourcecode.swift; path = ContactsTableViewController.swift; sourceTree = "<group>"; };
		650FFE551C88A982003CAA1C /* EventFeedTableViewController.swift */ = {isa = PBXFileReference; fileEncoding = 4; lastKnownFileType = sourcecode.swift; path = EventFeedTableViewController.swift; sourceTree = "<group>"; };
		651DD44B1D08A80B003F5A0E /* EstimoteSDK.framework */ = {isa = PBXFileReference; lastKnownFileType = wrapper.framework; path = EstimoteSDK.framework; sourceTree = "<group>"; };
		652D1E951CF62AC400E2B203 /* PostViewController.swift */ = {isa = PBXFileReference; fileEncoding = 4; lastKnownFileType = sourcecode.swift; path = PostViewController.swift; sourceTree = "<group>"; };
		652D1E971CF62AE000E2B203 /* PostTableViewCell.swift */ = {isa = PBXFileReference; fileEncoding = 4; lastKnownFileType = sourcecode.swift; path = PostTableViewCell.swift; sourceTree = "<group>"; };
		653DC3291C44A54900EEAECD /* Fuse-Ignite.app */ = {isa = PBXFileReference; explicitFileType = wrapper.application; includeInIndex = 0; path = "Fuse-Ignite.app"; sourceTree = BUILT_PRODUCTS_DIR; };
		653DC32C1C44A54A00EEAECD /* AppDelegate.swift */ = {isa = PBXFileReference; lastKnownFileType = sourcecode.swift; path = AppDelegate.swift; sourceTree = "<group>"; };
		653DC32E1C44A54A00EEAECD /* ViewController.swift */ = {isa = PBXFileReference; lastKnownFileType = sourcecode.swift; path = ViewController.swift; sourceTree = "<group>"; };
		653DC3311C44A54A00EEAECD /* Base */ = {isa = PBXFileReference; lastKnownFileType = file.storyboard; name = Base; path = Base.lproj/Main.storyboard; sourceTree = "<group>"; };
		653DC3331C44A54A00EEAECD /* Assets.xcassets */ = {isa = PBXFileReference; lastKnownFileType = folder.assetcatalog; path = Assets.xcassets; sourceTree = "<group>"; };
		653DC3361C44A54A00EEAECD /* Base */ = {isa = PBXFileReference; lastKnownFileType = file.storyboard; name = Base; path = Base.lproj/LaunchScreen.storyboard; sourceTree = "<group>"; };
		653DC3381C44A54A00EEAECD /* Info.plist */ = {isa = PBXFileReference; lastKnownFileType = text.plist.xml; path = Info.plist; sourceTree = "<group>"; };
		653DC33D1C44A54A00EEAECD /* Fuse-IgniteTests.xctest */ = {isa = PBXFileReference; explicitFileType = wrapper.cfbundle; includeInIndex = 0; path = "Fuse-IgniteTests.xctest"; sourceTree = BUILT_PRODUCTS_DIR; };
		653DC3411C44A54A00EEAECD /* Fuse_IgniteTests.swift */ = {isa = PBXFileReference; lastKnownFileType = sourcecode.swift; path = Fuse_IgniteTests.swift; sourceTree = "<group>"; };
		653DC3431C44A54A00EEAECD /* Info.plist */ = {isa = PBXFileReference; lastKnownFileType = text.plist.xml; path = Info.plist; sourceTree = "<group>"; };
		653DC3481C44A54A00EEAECD /* Fuse-IgniteUITests.xctest */ = {isa = PBXFileReference; explicitFileType = wrapper.cfbundle; includeInIndex = 0; path = "Fuse-IgniteUITests.xctest"; sourceTree = BUILT_PRODUCTS_DIR; };
		653DC34C1C44A54A00EEAECD /* Fuse_IgniteUITests.swift */ = {isa = PBXFileReference; lastKnownFileType = sourcecode.swift; path = Fuse_IgniteUITests.swift; sourceTree = "<group>"; };
		653DC34E1C44A54A00EEAECD /* Info.plist */ = {isa = PBXFileReference; lastKnownFileType = text.plist.xml; path = Info.plist; sourceTree = "<group>"; };
		653DC35A1C44A91600EEAECD /* Bolts.framework */ = {isa = PBXFileReference; lastKnownFileType = wrapper.framework; path = Bolts.framework; sourceTree = "<group>"; };
		653DC35B1C44A91600EEAECD /* Parse.framework */ = {isa = PBXFileReference; lastKnownFileType = wrapper.framework; path = Parse.framework; sourceTree = "<group>"; };
		653DC35E1C44A94900EEAECD /* AudioToolbox.framework */ = {isa = PBXFileReference; lastKnownFileType = wrapper.framework; name = AudioToolbox.framework; path = System/Library/Frameworks/AudioToolbox.framework; sourceTree = SDKROOT; };
		653DC3601C44A94F00EEAECD /* CFNetwork.framework */ = {isa = PBXFileReference; lastKnownFileType = wrapper.framework; name = CFNetwork.framework; path = System/Library/Frameworks/CFNetwork.framework; sourceTree = SDKROOT; };
		653DC3621C44A95A00EEAECD /* CoreGraphics.framework */ = {isa = PBXFileReference; lastKnownFileType = wrapper.framework; name = CoreGraphics.framework; path = System/Library/Frameworks/CoreGraphics.framework; sourceTree = SDKROOT; };
		653DC3641C44A96200EEAECD /* CoreLocation.framework */ = {isa = PBXFileReference; lastKnownFileType = wrapper.framework; name = CoreLocation.framework; path = System/Library/Frameworks/CoreLocation.framework; sourceTree = SDKROOT; };
		653DC3661C44A96B00EEAECD /* MobileCoreServices.framework */ = {isa = PBXFileReference; lastKnownFileType = wrapper.framework; name = MobileCoreServices.framework; path = System/Library/Frameworks/MobileCoreServices.framework; sourceTree = SDKROOT; };
		653DC3681C44A97200EEAECD /* QuartzCore.framework */ = {isa = PBXFileReference; lastKnownFileType = wrapper.framework; name = QuartzCore.framework; path = System/Library/Frameworks/QuartzCore.framework; sourceTree = SDKROOT; };
		653DC36A1C44A97700EEAECD /* Security.framework */ = {isa = PBXFileReference; lastKnownFileType = wrapper.framework; name = Security.framework; path = System/Library/Frameworks/Security.framework; sourceTree = SDKROOT; };
		653DC36C1C44A98000EEAECD /* StoreKit.framework */ = {isa = PBXFileReference; lastKnownFileType = wrapper.framework; name = StoreKit.framework; path = System/Library/Frameworks/StoreKit.framework; sourceTree = SDKROOT; };
		653DC36E1C44A98900EEAECD /* SystemConfiguration.framework */ = {isa = PBXFileReference; lastKnownFileType = wrapper.framework; name = SystemConfiguration.framework; path = System/Library/Frameworks/SystemConfiguration.framework; sourceTree = SDKROOT; };
		653DC3701C44A98F00EEAECD /* libz.tbd */ = {isa = PBXFileReference; lastKnownFileType = "sourcecode.text-based-dylib-definition"; name = libz.tbd; path = usr/lib/libz.tbd; sourceTree = SDKROOT; };
		653DC3721C44A99800EEAECD /* libsqlite3.tbd */ = {isa = PBXFileReference; lastKnownFileType = "sourcecode.text-based-dylib-definition"; name = libsqlite3.tbd; path = usr/lib/libsqlite3.tbd; sourceTree = SDKROOT; };
		653DC3741C44A9B600EEAECD /* Accounts.framework */ = {isa = PBXFileReference; lastKnownFileType = wrapper.framework; name = Accounts.framework; path = System/Library/Frameworks/Accounts.framework; sourceTree = SDKROOT; };
		653DC3761C44A9C000EEAECD /* Social.framework */ = {isa = PBXFileReference; lastKnownFileType = wrapper.framework; name = Social.framework; path = System/Library/Frameworks/Social.framework; sourceTree = SDKROOT; };
		653DC3791C44AB5900EEAECD /* SignUpViewController.swift */ = {isa = PBXFileReference; fileEncoding = 4; lastKnownFileType = sourcecode.swift; path = SignUpViewController.swift; sourceTree = "<group>"; };
		6540B9851CAE90BB00977C8D /* FBSDKCoreKit.framework */ = {isa = PBXFileReference; lastKnownFileType = wrapper.framework; path = FBSDKCoreKit.framework; sourceTree = "<group>"; };
		6540B9861CAE90BB00977C8D /* FBSDKLoginKit.framework */ = {isa = PBXFileReference; lastKnownFileType = wrapper.framework; path = FBSDKLoginKit.framework; sourceTree = "<group>"; };
		6540B9871CAE90BB00977C8D /* FBSDKMessengerShareKit.framework */ = {isa = PBXFileReference; lastKnownFileType = wrapper.framework; path = FBSDKMessengerShareKit.framework; sourceTree = "<group>"; };
		6540B9881CAE90BB00977C8D /* FBSDKShareKit.framework */ = {isa = PBXFileReference; lastKnownFileType = wrapper.framework; path = FBSDKShareKit.framework; sourceTree = "<group>"; };
		6540B98D1CAE90C800977C8D /* FacebookSDKStrings.bundle */ = {isa = PBXFileReference; lastKnownFileType = "wrapper.plug-in"; path = FacebookSDKStrings.bundle; sourceTree = "<group>"; };
		6540B98E1CAE90C800977C8D /* FBAudienceNetwork.framework */ = {isa = PBXFileReference; lastKnownFileType = wrapper.framework; path = FBAudienceNetwork.framework; sourceTree = "<group>"; };
		6540B9911CAE910400977C8D /* ParseUI.framework */ = {isa = PBXFileReference; lastKnownFileType = wrapper.framework; path = ParseUI.framework; sourceTree = "<group>"; };
		6540B9941CAEAA1900977C8D /* Fabric.framework */ = {isa = PBXFileReference; lastKnownFileType = wrapper.framework; path = Fabric.framework; sourceTree = "<group>"; };
		6540B9951CAEAA1900977C8D /* TwitterKit.framework */ = {isa = PBXFileReference; lastKnownFileType = wrapper.framework; path = TwitterKit.framework; sourceTree = "<group>"; };
		6540B9961CAEAA1900977C8D /* TwitterKitResources.bundle */ = {isa = PBXFileReference; lastKnownFileType = "wrapper.plug-in"; name = TwitterKitResources.bundle; path = TwitterKit.framework/Versions/A/Resources/TwitterKitResources.bundle; sourceTree = "<group>"; };
		6540B9971CAEAA1900977C8D /* TwitterCore.framework */ = {isa = PBXFileReference; lastKnownFileType = wrapper.framework; path = TwitterCore.framework; sourceTree = "<group>"; };
		655D49951C7F5100007DC051 /* ParseUI.framework */ = {isa = PBXFileReference; lastKnownFileType = wrapper.framework; path = ParseUI.framework; sourceTree = "<group>"; };
		655D49A31C822896007DC051 /* DiscoverTableViewController.swift */ = {isa = PBXFileReference; fileEncoding = 4; lastKnownFileType = sourcecode.swift; path = DiscoverTableViewController.swift; sourceTree = "<group>"; };
		65603C4A1C9047CA006AA32F /* BeaconID.swift */ = {isa = PBXFileReference; fileEncoding = 4; lastKnownFileType = sourcecode.swift; path = BeaconID.swift; sourceTree = "<group>"; };
		65603C4C1C9047ED006AA32F /* BeaconNotificationsManager.swift */ = {isa = PBXFileReference; fileEncoding = 4; lastKnownFileType = sourcecode.swift; path = BeaconNotificationsManager.swift; sourceTree = "<group>"; };
		65678D0E1CEB4C3100325D8B /* ConversationTopicsTVC.swift */ = {isa = PBXFileReference; fileEncoding = 4; lastKnownFileType = sourcecode.swift; path = ConversationTopicsTVC.swift; sourceTree = "<group>"; };
		658DCD7D1C902B3800D5FCD5 /* CoreBluetooth.framework */ = {isa = PBXFileReference; lastKnownFileType = wrapper.framework; name = CoreBluetooth.framework; path = System/Library/Frameworks/CoreBluetooth.framework; sourceTree = SDKROOT; };
		6592B4481CC7E3400052AE72 /* EventHomeSocialTableViewController.swift */ = {isa = PBXFileReference; fileEncoding = 4; lastKnownFileType = sourcecode.swift; path = EventHomeSocialTableViewController.swift; sourceTree = "<group>"; };
		6596272F1CE3D44F001BE2B4 /* PostUpdateViewController.swift */ = {isa = PBXFileReference; fileEncoding = 4; lastKnownFileType = sourcecode.swift; path = PostUpdateViewController.swift; sourceTree = "<group>"; };
		65B0CF781C49A21500829D6D /* Fuse-Ignite-Bridging-Header.h */ = {isa = PBXFileReference; lastKnownFileType = sourcecode.c.h; path = "Fuse-Ignite-Bridging-Header.h"; sourceTree = "<group>"; };
		65B0CF791C49A21600829D6D /* MMDrawerBarButtonItem.h */ = {isa = PBXFileReference; fileEncoding = 4; lastKnownFileType = sourcecode.c.h; path = MMDrawerBarButtonItem.h; sourceTree = "<group>"; };
		65B0CF7A1C49A21600829D6D /* MMDrawerBarButtonItem.m */ = {isa = PBXFileReference; fileEncoding = 4; lastKnownFileType = sourcecode.c.objc; path = MMDrawerBarButtonItem.m; sourceTree = "<group>"; };
		65B0CF7B1C49A21600829D6D /* MMDrawerController.h */ = {isa = PBXFileReference; fileEncoding = 4; lastKnownFileType = sourcecode.c.h; path = MMDrawerController.h; sourceTree = "<group>"; };
		65B0CF7C1C49A21600829D6D /* MMDrawerController.m */ = {isa = PBXFileReference; fileEncoding = 4; lastKnownFileType = sourcecode.c.objc; path = MMDrawerController.m; sourceTree = "<group>"; };
		65B0CF7D1C49A21600829D6D /* MMDrawerController+Subclass.h */ = {isa = PBXFileReference; fileEncoding = 4; lastKnownFileType = sourcecode.c.h; path = "MMDrawerController+Subclass.h"; sourceTree = "<group>"; };
		65B0CF7E1C49A21600829D6D /* MMDrawerVisualState.h */ = {isa = PBXFileReference; fileEncoding = 4; lastKnownFileType = sourcecode.c.h; path = MMDrawerVisualState.h; sourceTree = "<group>"; };
		65B0CF7F1C49A21600829D6D /* MMDrawerVisualState.m */ = {isa = PBXFileReference; fileEncoding = 4; lastKnownFileType = sourcecode.c.objc; path = MMDrawerVisualState.m; sourceTree = "<group>"; };
		65B0CF801C49A21600829D6D /* UIViewController+MMDrawerController.h */ = {isa = PBXFileReference; fileEncoding = 4; lastKnownFileType = sourcecode.c.h; path = "UIViewController+MMDrawerController.h"; sourceTree = "<group>"; };
		65B0CF811C49A21600829D6D /* UIViewController+MMDrawerController.m */ = {isa = PBXFileReference; fileEncoding = 4; lastKnownFileType = sourcecode.c.objc; path = "UIViewController+MMDrawerController.m"; sourceTree = "<group>"; };
		65B0CF871C49A30700829D6D /* MBProgressHUD.h */ = {isa = PBXFileReference; fileEncoding = 4; lastKnownFileType = sourcecode.c.h; path = MBProgressHUD.h; sourceTree = "<group>"; };
		65B0CF881C49A30700829D6D /* MBProgressHUD.m */ = {isa = PBXFileReference; fileEncoding = 4; lastKnownFileType = sourcecode.c.objc; path = MBProgressHUD.m; sourceTree = "<group>"; };
		65B0CF8D1C49A78C00829D6D /* LeftSideViewController.swift */ = {isa = PBXFileReference; fileEncoding = 4; lastKnownFileType = sourcecode.swift; path = LeftSideViewController.swift; sourceTree = "<group>"; };
		65B0CF8F1C49AC9400829D6D /* RightSideViewController.swift */ = {isa = PBXFileReference; fileEncoding = 4; lastKnownFileType = sourcecode.swift; path = RightSideViewController.swift; sourceTree = "<group>"; };
		65B0CF931C49E07800829D6D /* PasswordResetViewController.swift */ = {isa = PBXFileReference; fileEncoding = 4; lastKnownFileType = sourcecode.swift; path = PasswordResetViewController.swift; sourceTree = "<group>"; };
		65B0CF951C4A933C00829D6D /* EditProfileViewController.swift */ = {isa = PBXFileReference; fileEncoding = 4; lastKnownFileType = sourcecode.swift; path = EditProfileViewController.swift; sourceTree = "<group>"; };
		65B0CF971C4C667D00829D6D /* FBSDKCoreKit.framework */ = {isa = PBXFileReference; lastKnownFileType = wrapper.framework; path = FBSDKCoreKit.framework; sourceTree = "<group>"; };
		65B0CF991C4C669000829D6D /* FBSDKLoginKit.framework */ = {isa = PBXFileReference; lastKnownFileType = wrapper.framework; path = FBSDKLoginKit.framework; sourceTree = "<group>"; };
		65B0CF9B1C4C669F00829D6D /* FBSDKShareKit.framework */ = {isa = PBXFileReference; lastKnownFileType = wrapper.framework; path = FBSDKShareKit.framework; sourceTree = "<group>"; };
		65B0CF9D1C4C6E5300829D6D /* ParseFacebookUtilsV4.framework */ = {isa = PBXFileReference; lastKnownFileType = wrapper.framework; path = ParseFacebookUtilsV4.framework; sourceTree = "<group>"; };
		65B137411C4EA52000B1DB67 /* ParseTwitterUtils.framework */ = {isa = PBXFileReference; lastKnownFileType = wrapper.framework; path = ParseTwitterUtils.framework; sourceTree = "<group>"; };
		65B5828A1C9A9FEB007F86C7 /* AddBeaconViewController.swift */ = {isa = PBXFileReference; fileEncoding = 4; lastKnownFileType = sourcecode.swift; path = AddBeaconViewController.swift; sourceTree = "<group>"; };
		65B5828C1C9AA3FE007F86C7 /* BeaconItem.swift */ = {isa = PBXFileReference; fileEncoding = 4; lastKnownFileType = sourcecode.swift; path = BeaconItem.swift; sourceTree = "<group>"; };
		65C76FE81C9181AE005D934B /* ContactsTableViewCell.swift */ = {isa = PBXFileReference; fileEncoding = 4; lastKnownFileType = sourcecode.swift; path = ContactsTableViewCell.swift; sourceTree = "<group>"; };
		65C76FEA1C919F26005D934B /* BeaconTestViewController.swift */ = {isa = PBXFileReference; fileEncoding = 4; lastKnownFileType = sourcecode.swift; path = BeaconTestViewController.swift; sourceTree = "<group>"; };
		65D8F33A1CF76BAF003CA45E /* EventFeedTableViewCell.swift */ = {isa = PBXFileReference; fileEncoding = 4; lastKnownFileType = sourcecode.swift; path = EventFeedTableViewCell.swift; sourceTree = "<group>"; };
		65DFF1461C86107F00147F44 /* MyEventsTableViewController.swift */ = {isa = PBXFileReference; fileEncoding = 4; lastKnownFileType = sourcecode.swift; path = MyEventsTableViewController.swift; sourceTree = "<group>"; };
		65F742421C73532A00F4B3A0 /* CreateViewController.swift */ = {isa = PBXFileReference; fileEncoding = 4; lastKnownFileType = sourcecode.swift; path = CreateViewController.swift; sourceTree = "<group>"; };
		65F7424C1C73659900F4B3A0 /* ProfileViewController.swift */ = {isa = PBXFileReference; fileEncoding = 4; lastKnownFileType = sourcecode.swift; path = ProfileViewController.swift; sourceTree = "<group>"; };
/* End PBXFileReference section */

/* Begin PBXFrameworksBuildPhase section */
		653DC3261C44A54900EEAECD /* Frameworks */ = {
			isa = PBXFrameworksBuildPhase;
			buildActionMask = 2147483647;
			files = (
				6540B9921CAE910400977C8D /* ParseUI.framework in Frameworks */,
				651DD44C1D08A80B003F5A0E /* EstimoteSDK.framework in Frameworks */,
				653DC36F1C44A98900EEAECD /* SystemConfiguration.framework in Frameworks */,
				653DC3651C44A96200EEAECD /* CoreLocation.framework in Frameworks */,
				658DCD7E1C902B3800D5FCD5 /* CoreBluetooth.framework in Frameworks */,
				65B0CF9A1C4C669000829D6D /* FBSDKLoginKit.framework in Frameworks */,
				653DC3771C44A9C000EEAECD /* Social.framework in Frameworks */,
				65B0CF9E1C4C6E5300829D6D /* ParseFacebookUtilsV4.framework in Frameworks */,
				653DC3751C44A9B600EEAECD /* Accounts.framework in Frameworks */,
				6540B9901CAE90C800977C8D /* FBAudienceNetwork.framework in Frameworks */,
				653DC3731C44A99900EEAECD /* libsqlite3.tbd in Frameworks */,
				653DC3711C44A98F00EEAECD /* libz.tbd in Frameworks */,
				6540B9991CAEAA1900977C8D /* TwitterKit.framework in Frameworks */,
				6540B98C1CAE90BB00977C8D /* FBSDKShareKit.framework in Frameworks */,
				653DC36D1C44A98000EEAECD /* StoreKit.framework in Frameworks */,
				653DC36B1C44A97700EEAECD /* Security.framework in Frameworks */,
				6540B99B1CAEAA1900977C8D /* TwitterCore.framework in Frameworks */,
				653DC3691C44A97200EEAECD /* QuartzCore.framework in Frameworks */,
				653DC3671C44A96B00EEAECD /* MobileCoreServices.framework in Frameworks */,
				653DC3631C44A95A00EEAECD /* CoreGraphics.framework in Frameworks */,
				653DC3611C44A94F00EEAECD /* CFNetwork.framework in Frameworks */,
				65B137421C4EA52000B1DB67 /* ParseTwitterUtils.framework in Frameworks */,
				6540B98B1CAE90BB00977C8D /* FBSDKMessengerShareKit.framework in Frameworks */,
				653DC35F1C44A94900EEAECD /* AudioToolbox.framework in Frameworks */,
				65B0CF981C4C667D00829D6D /* FBSDKCoreKit.framework in Frameworks */,
				653DC35D1C44A91600EEAECD /* Parse.framework in Frameworks */,
				653DC35C1C44A91600EEAECD /* Bolts.framework in Frameworks */,
				6540B9981CAEAA1900977C8D /* Fabric.framework in Frameworks */,
			);
			runOnlyForDeploymentPostprocessing = 0;
		};
		653DC33A1C44A54A00EEAECD /* Frameworks */ = {
			isa = PBXFrameworksBuildPhase;
			buildActionMask = 2147483647;
			files = (
			);
			runOnlyForDeploymentPostprocessing = 0;
		};
		653DC3451C44A54A00EEAECD /* Frameworks */ = {
			isa = PBXFrameworksBuildPhase;
			buildActionMask = 2147483647;
			files = (
			);
			runOnlyForDeploymentPostprocessing = 0;
		};
/* End PBXFrameworksBuildPhase section */

/* Begin PBXGroup section */
		653DC3201C44A54900EEAECD = {
			isa = PBXGroup;
			children = (
				653DC3781C44A9E900EEAECD /* Frameworks */,
				653DC32B1C44A54900EEAECD /* Fuse-Ignite */,
				653DC3401C44A54A00EEAECD /* Fuse-IgniteTests */,
				653DC34B1C44A54A00EEAECD /* Fuse-IgniteUITests */,
				653DC32A1C44A54900EEAECD /* Products */,
			);
			sourceTree = "<group>";
		};
		653DC32A1C44A54900EEAECD /* Products */ = {
			isa = PBXGroup;
			children = (
				653DC3291C44A54900EEAECD /* Fuse-Ignite.app */,
				653DC33D1C44A54A00EEAECD /* Fuse-IgniteTests.xctest */,
				653DC3481C44A54A00EEAECD /* Fuse-IgniteUITests.xctest */,
			);
			name = Products;
			sourceTree = "<group>";
		};
		653DC32B1C44A54900EEAECD /* Fuse-Ignite */ = {
			isa = PBXGroup;
			children = (
				65603C491C904762006AA32F /* Beacons */,
				65B0CF8A1C49A31400829D6D /* MBProgressHUD */,
				65B0CF861C49A22800829D6D /* MMDrawer */,
				65F742461C7364D600F4B3A0 /* Controller */,
				65F742481C73650100F4B3A0 /* View */,
				65F742471C7364E000F4B3A0 /* Model */,
				65F742491C73651B00F4B3A0 /* Supporting Files */,
			);
			path = "Fuse-Ignite";
			sourceTree = "<group>";
		};
		653DC3401C44A54A00EEAECD /* Fuse-IgniteTests */ = {
			isa = PBXGroup;
			children = (
				653DC3411C44A54A00EEAECD /* Fuse_IgniteTests.swift */,
				653DC3431C44A54A00EEAECD /* Info.plist */,
			);
			path = "Fuse-IgniteTests";
			sourceTree = "<group>";
		};
		653DC34B1C44A54A00EEAECD /* Fuse-IgniteUITests */ = {
			isa = PBXGroup;
			children = (
				653DC34C1C44A54A00EEAECD /* Fuse_IgniteUITests.swift */,
				653DC34E1C44A54A00EEAECD /* Info.plist */,
			);
			path = "Fuse-IgniteUITests";
			sourceTree = "<group>";
		};
		653DC3781C44A9E900EEAECD /* Frameworks */ = {
			isa = PBXGroup;
			children = (
				651DD44B1D08A80B003F5A0E /* EstimoteSDK.framework */,
				6540B9941CAEAA1900977C8D /* Fabric.framework */,
				6540B9951CAEAA1900977C8D /* TwitterKit.framework */,
				6540B9961CAEAA1900977C8D /* TwitterKitResources.bundle */,
				6540B9971CAEAA1900977C8D /* TwitterCore.framework */,
				6540B98D1CAE90C800977C8D /* FacebookSDKStrings.bundle */,
				6540B98E1CAE90C800977C8D /* FBAudienceNetwork.framework */,
				658DCD7D1C902B3800D5FCD5 /* CoreBluetooth.framework */,
				655D49951C7F5100007DC051 /* ParseUI.framework */,
				65B137411C4EA52000B1DB67 /* ParseTwitterUtils.framework */,
				6540B9911CAE910400977C8D /* ParseUI.framework */,
				65B0CF9D1C4C6E5300829D6D /* ParseFacebookUtilsV4.framework */,
				6540B9851CAE90BB00977C8D /* FBSDKCoreKit.framework */,
				6540B9861CAE90BB00977C8D /* FBSDKLoginKit.framework */,
				6540B9871CAE90BB00977C8D /* FBSDKMessengerShareKit.framework */,
				6540B9881CAE90BB00977C8D /* FBSDKShareKit.framework */,
				65B0CF991C4C669000829D6D /* FBSDKLoginKit.framework */,
				65B0CF971C4C667D00829D6D /* FBSDKCoreKit.framework */,
				653DC3761C44A9C000EEAECD /* Social.framework */,
				653DC3741C44A9B600EEAECD /* Accounts.framework */,
				653DC3721C44A99800EEAECD /* libsqlite3.tbd */,
				653DC3701C44A98F00EEAECD /* libz.tbd */,
				65B0CF9B1C4C669F00829D6D /* FBSDKShareKit.framework */,
				653DC36E1C44A98900EEAECD /* SystemConfiguration.framework */,
				653DC36C1C44A98000EEAECD /* StoreKit.framework */,
				653DC36A1C44A97700EEAECD /* Security.framework */,
				653DC3681C44A97200EEAECD /* QuartzCore.framework */,
				653DC3661C44A96B00EEAECD /* MobileCoreServices.framework */,
				653DC3641C44A96200EEAECD /* CoreLocation.framework */,
				653DC3621C44A95A00EEAECD /* CoreGraphics.framework */,
				653DC3601C44A94F00EEAECD /* CFNetwork.framework */,
				653DC35E1C44A94900EEAECD /* AudioToolbox.framework */,
				653DC35A1C44A91600EEAECD /* Bolts.framework */,
				653DC35B1C44A91600EEAECD /* Parse.framework */,
			);
			name = Frameworks;
			sourceTree = "<group>";
		};
		65603C491C904762006AA32F /* Beacons */ = {
			isa = PBXGroup;
			children = (
				65603C4A1C9047CA006AA32F /* BeaconID.swift */,
				65603C4C1C9047ED006AA32F /* BeaconNotificationsManager.swift */,
			);
			name = Beacons;
			sourceTree = "<group>";
		};
		65678D0D1CEB4C0C00325D8B /* ProfileTableViews */ = {
			isa = PBXGroup;
			children = (
				65678D111CEB4C4E00325D8B /* VisitorProfile */,
				65678D101CEB4C3D00325D8B /* UserProfile */,
			);
			name = ProfileTableViews;
			sourceTree = "<group>";
		};
		65678D101CEB4C3D00325D8B /* UserProfile */ = {
			isa = PBXGroup;
			children = (
				65678D0E1CEB4C3100325D8B /* ConversationTopicsTVC.swift */,
			);
			name = UserProfile;
			sourceTree = "<group>";
		};
		65678D111CEB4C4E00325D8B /* VisitorProfile */ = {
			isa = PBXGroup;
			children = (
			);
			name = VisitorProfile;
			sourceTree = "<group>";
		};
		659627311CE5DED0001BE2B4 /* ProfileViews */ = {
			isa = PBXGroup;
			children = (
				659627321CE5DFEE001BE2B4 /* Visitor */,
				659627331CE5DFFF001BE2B4 /* UserProfile */,
			);
			name = ProfileViews;
			sourceTree = "<group>";
		};
		659627321CE5DFEE001BE2B4 /* Visitor */ = {
			isa = PBXGroup;
			children = (
				65041F5F1CE01E7D00771E3B /* ProfileVisitorViewController.swift */,
			);
			name = Visitor;
			sourceTree = "<group>";
		};
		659627331CE5DFFF001BE2B4 /* UserProfile */ = {
			isa = PBXGroup;
			children = (
				65F7424C1C73659900F4B3A0 /* ProfileViewController.swift */,
			);
			name = UserProfile;
			sourceTree = "<group>";
		};
		65B0CF861C49A22800829D6D /* MMDrawer */ = {
			isa = PBXGroup;
			children = (
				65B0CF791C49A21600829D6D /* MMDrawerBarButtonItem.h */,
				65B0CF7A1C49A21600829D6D /* MMDrawerBarButtonItem.m */,
				65B0CF7B1C49A21600829D6D /* MMDrawerController.h */,
				65B0CF7C1C49A21600829D6D /* MMDrawerController.m */,
				65B0CF7D1C49A21600829D6D /* MMDrawerController+Subclass.h */,
				65B0CF7E1C49A21600829D6D /* MMDrawerVisualState.h */,
				65B0CF7F1C49A21600829D6D /* MMDrawerVisualState.m */,
				65B0CF801C49A21600829D6D /* UIViewController+MMDrawerController.h */,
				65B0CF811C49A21600829D6D /* UIViewController+MMDrawerController.m */,
			);
			name = MMDrawer;
			sourceTree = "<group>";
		};
		65B0CF8A1C49A31400829D6D /* MBProgressHUD */ = {
			isa = PBXGroup;
			children = (
				65B0CF871C49A30700829D6D /* MBProgressHUD.h */,
				65B0CF881C49A30700829D6D /* MBProgressHUD.m */,
			);
			name = MBProgressHUD;
			sourceTree = "<group>";
		};
		65F742461C7364D600F4B3A0 /* Controller */ = {
			isa = PBXGroup;
			children = (
				65F7424E1C73670A00F4B3A0 /* Menu Controllers */,
				653DC32E1C44A54A00EEAECD /* ViewController.swift */,
				653DC3791C44AB5900EEAECD /* SignUpViewController.swift */,
				65B0CF931C49E07800829D6D /* PasswordResetViewController.swift */,
				65B0CF951C4A933C00829D6D /* EditProfileViewController.swift */,
				65F742421C73532A00F4B3A0 /* CreateViewController.swift */,
				655D49A31C822896007DC051 /* DiscoverTableViewController.swift */,
				659627311CE5DED0001BE2B4 /* ProfileViews */,
				65DFF1461C86107F00147F44 /* MyEventsTableViewController.swift */,
				650FFE4F1C887FF0003CAA1C /* ContactsTableViewController.swift */,
				650FFE551C88A982003CAA1C /* EventFeedTableViewController.swift */,
				65C76FEA1C919F26005D934B /* BeaconTestViewController.swift */,
				65B5828A1C9A9FEB007F86C7 /* AddBeaconViewController.swift */,
				6592B4481CC7E3400052AE72 /* EventHomeSocialTableViewController.swift */,
				65041F5B1CDEBDF700771E3B /* FollowersTableViewController.swift */,
				6596272F1CE3D44F001BE2B4 /* PostUpdateViewController.swift */,
				652D1E951CF62AC400E2B203 /* PostViewController.swift */,
			);
			name = Controller;
			sourceTree = "<group>";
		};
		65F742471C7364E000F4B3A0 /* Model */ = {
			isa = PBXGroup;
			children = (
				65678D0D1CEB4C0C00325D8B /* ProfileTableViews */,
				65C76FE81C9181AE005D934B /* ContactsTableViewCell.swift */,
				652D1E971CF62AE000E2B203 /* PostTableViewCell.swift */,
				65B5828C1C9AA3FE007F86C7 /* BeaconItem.swift */,
				65041F5D1CDEBE9D00771E3B /* FollowersCell.swift */,
				65D8F33A1CF76BAF003CA45E /* EventFeedTableViewCell.swift */,
			);
			name = Model;
			sourceTree = "<group>";
		};
		65F742481C73650100F4B3A0 /* View */ = {
			isa = PBXGroup;
			children = (
				653DC3301C44A54A00EEAECD /* Main.storyboard */,
				653DC3351C44A54A00EEAECD /* LaunchScreen.storyboard */,
			);
			name = View;
			sourceTree = "<group>";
		};
		65F742491C73651B00F4B3A0 /* Supporting Files */ = {
			isa = PBXGroup;
			children = (
				653DC3331C44A54A00EEAECD /* Assets.xcassets */,
				653DC3381C44A54A00EEAECD /* Info.plist */,
				653DC32C1C44A54A00EEAECD /* AppDelegate.swift */,
				65B0CF781C49A21500829D6D /* Fuse-Ignite-Bridging-Header.h */,
			);
			name = "Supporting Files";
			sourceTree = "<group>";
		};
		65F7424E1C73670A00F4B3A0 /* Menu Controllers */ = {
			isa = PBXGroup;
			children = (
				65B0CF8D1C49A78C00829D6D /* LeftSideViewController.swift */,
				65B0CF8F1C49AC9400829D6D /* RightSideViewController.swift */,
			);
			name = "Menu Controllers";
			sourceTree = "<group>";
		};
/* End PBXGroup section */

/* Begin PBXNativeTarget section */
		653DC3281C44A54900EEAECD /* Fuse-Ignite */ = {
			isa = PBXNativeTarget;
			buildConfigurationList = 653DC3511C44A54A00EEAECD /* Build configuration list for PBXNativeTarget "Fuse-Ignite" */;
			buildPhases = (
				653DC3251C44A54900EEAECD /* Sources */,
				653DC3261C44A54900EEAECD /* Frameworks */,
				653DC3271C44A54900EEAECD /* Resources */,
				6540B9931CAEA8B000977C8D /* Run Fabric */,
			);
			buildRules = (
			);
			dependencies = (
			);
			name = "Fuse-Ignite";
			productName = "Fuse-Ignite";
			productReference = 653DC3291C44A54900EEAECD /* Fuse-Ignite.app */;
			productType = "com.apple.product-type.application";
		};
		653DC33C1C44A54A00EEAECD /* Fuse-IgniteTests */ = {
			isa = PBXNativeTarget;
			buildConfigurationList = 653DC3541C44A54A00EEAECD /* Build configuration list for PBXNativeTarget "Fuse-IgniteTests" */;
			buildPhases = (
				653DC3391C44A54A00EEAECD /* Sources */,
				653DC33A1C44A54A00EEAECD /* Frameworks */,
				653DC33B1C44A54A00EEAECD /* Resources */,
			);
			buildRules = (
			);
			dependencies = (
				653DC33F1C44A54A00EEAECD /* PBXTargetDependency */,
			);
			name = "Fuse-IgniteTests";
			productName = "Fuse-IgniteTests";
			productReference = 653DC33D1C44A54A00EEAECD /* Fuse-IgniteTests.xctest */;
			productType = "com.apple.product-type.bundle.unit-test";
		};
		653DC3471C44A54A00EEAECD /* Fuse-IgniteUITests */ = {
			isa = PBXNativeTarget;
			buildConfigurationList = 653DC3571C44A54A00EEAECD /* Build configuration list for PBXNativeTarget "Fuse-IgniteUITests" */;
			buildPhases = (
				653DC3441C44A54A00EEAECD /* Sources */,
				653DC3451C44A54A00EEAECD /* Frameworks */,
				653DC3461C44A54A00EEAECD /* Resources */,
			);
			buildRules = (
			);
			dependencies = (
				653DC34A1C44A54A00EEAECD /* PBXTargetDependency */,
			);
			name = "Fuse-IgniteUITests";
			productName = "Fuse-IgniteUITests";
			productReference = 653DC3481C44A54A00EEAECD /* Fuse-IgniteUITests.xctest */;
			productType = "com.apple.product-type.bundle.ui-testing";
		};
/* End PBXNativeTarget section */

/* Begin PBXProject section */
		653DC3211C44A54900EEAECD /* Project object */ = {
			isa = PBXProject;
			attributes = {
				LastSwiftUpdateCheck = 0720;
				LastUpgradeCheck = 0800;
				ORGANIZATIONNAME = "Fuse Technology";
				TargetAttributes = {
					653DC3281C44A54900EEAECD = {
						CreatedOnToolsVersion = 7.2;
						DevelopmentTeam = CK7MZ3BMX3;
						LastSwiftMigration = 0800;
						SystemCapabilities = {
							com.apple.BackgroundModes = {
								enabled = 1;
							};
							com.apple.Push = {
								enabled = 1;
							};
						};
					};
					653DC33C1C44A54A00EEAECD = {
						CreatedOnToolsVersion = 7.2;
						TestTargetID = 653DC3281C44A54900EEAECD;
					};
					653DC3471C44A54A00EEAECD = {
						CreatedOnToolsVersion = 7.2;
						TestTargetID = 653DC3281C44A54900EEAECD;
					};
				};
			};
			buildConfigurationList = 653DC3241C44A54900EEAECD /* Build configuration list for PBXProject "Fuse-Ignite" */;
			compatibilityVersion = "Xcode 3.2";
			developmentRegion = English;
			hasScannedForEncodings = 0;
			knownRegions = (
				en,
				Base,
			);
			mainGroup = 653DC3201C44A54900EEAECD;
			productRefGroup = 653DC32A1C44A54900EEAECD /* Products */;
			projectDirPath = "";
			projectRoot = "";
			targets = (
				653DC3281C44A54900EEAECD /* Fuse-Ignite */,
				653DC33C1C44A54A00EEAECD /* Fuse-IgniteTests */,
				653DC3471C44A54A00EEAECD /* Fuse-IgniteUITests */,
			);
		};
/* End PBXProject section */

/* Begin PBXResourcesBuildPhase section */
		653DC3271C44A54900EEAECD /* Resources */ = {
			isa = PBXResourcesBuildPhase;
			buildActionMask = 2147483647;
			files = (
				6540B98F1CAE90C800977C8D /* FacebookSDKStrings.bundle in Resources */,
				653DC3371C44A54A00EEAECD /* LaunchScreen.storyboard in Resources */,
				653DC3341C44A54A00EEAECD /* Assets.xcassets in Resources */,
				653DC3321C44A54A00EEAECD /* Main.storyboard in Resources */,
				6540B99A1CAEAA1900977C8D /* TwitterKitResources.bundle in Resources */,
			);
			runOnlyForDeploymentPostprocessing = 0;
		};
		653DC33B1C44A54A00EEAECD /* Resources */ = {
			isa = PBXResourcesBuildPhase;
			buildActionMask = 2147483647;
			files = (
			);
			runOnlyForDeploymentPostprocessing = 0;
		};
		653DC3461C44A54A00EEAECD /* Resources */ = {
			isa = PBXResourcesBuildPhase;
			buildActionMask = 2147483647;
			files = (
			);
			runOnlyForDeploymentPostprocessing = 0;
		};
/* End PBXResourcesBuildPhase section */

/* Begin PBXShellScriptBuildPhase section */
		6540B9931CAEA8B000977C8D /* Run Fabric */ = {
			isa = PBXShellScriptBuildPhase;
			buildActionMask = 2147483647;
			files = (
			);
			inputPaths = (
			);
			name = "Run Fabric";
			outputPaths = (
			);
			runOnlyForDeploymentPostprocessing = 0;
			shellPath = /bin/sh;
			shellScript = "./Fabric.framework/run 4da32df75f20ee840bf31824416eb5cb8f891a07 b2c862c77ec0030585ae8426d71e95b719d94106c2eb1805d0156983f35aa08e";
		};
/* End PBXShellScriptBuildPhase section */

/* Begin PBXSourcesBuildPhase section */
		653DC3251C44A54900EEAECD /* Sources */ = {
			isa = PBXSourcesBuildPhase;
			buildActionMask = 2147483647;
			files = (
				65C76FE91C9181AE005D934B /* ContactsTableViewCell.swift in Sources */,
				65B5828D1C9AA3FE007F86C7 /* BeaconItem.swift in Sources */,
				653DC37A1C44AB5900EEAECD /* SignUpViewController.swift in Sources */,
				650FFE561C88A982003CAA1C /* EventFeedTableViewController.swift in Sources */,
				650FFE501C887FF0003CAA1C /* ContactsTableViewController.swift in Sources */,
				65603C4D1C9047ED006AA32F /* BeaconNotificationsManager.swift in Sources */,
				65F7424D1C73659900F4B3A0 /* ProfileViewController.swift in Sources */,
				65B0CF821C49A21600829D6D /* MMDrawerBarButtonItem.m in Sources */,
				65F742431C73532A00F4B3A0 /* CreateViewController.swift in Sources */,
				65B5828B1C9A9FEB007F86C7 /* AddBeaconViewController.swift in Sources */,
				65678D0F1CEB4C3100325D8B /* ConversationTopicsTVC.swift in Sources */,
				652D1E981CF62AE000E2B203 /* PostTableViewCell.swift in Sources */,
				65603C4B1C9047CA006AA32F /* BeaconID.swift in Sources */,
				65C76FEB1C919F26005D934B /* BeaconTestViewController.swift in Sources */,
				65B0CF851C49A21600829D6D /* UIViewController+MMDrawerController.m in Sources */,
				6540B99C1CAEAF1000977C8D /* AppDelegate.swift in Sources */,
				65041F601CE01E7D00771E3B /* ProfileVisitorViewController.swift in Sources */,
				65B0CF891C49A30700829D6D /* MBProgressHUD.m in Sources */,
				653DC32F1C44A54A00EEAECD /* ViewController.swift in Sources */,
				65B0CF961C4A933C00829D6D /* EditProfileViewController.swift in Sources */,
				65DFF1471C86107F00147F44 /* MyEventsTableViewController.swift in Sources */,
				65B0CF941C49E07800829D6D /* PasswordResetViewController.swift in Sources */,
				65041F5E1CDEBE9D00771E3B /* FollowersCell.swift in Sources */,
				65B0CF831C49A21600829D6D /* MMDrawerController.m in Sources */,
				65D8F33B1CF76BAF003CA45E /* EventFeedTableViewCell.swift in Sources */,
				65041F5C1CDEBDF700771E3B /* FollowersTableViewController.swift in Sources */,
				652D1E961CF62AC400E2B203 /* PostViewController.swift in Sources */,
				65B0CF8E1C49A78C00829D6D /* LeftSideViewController.swift in Sources */,
				65B0CF901C49AC9400829D6D /* RightSideViewController.swift in Sources */,
				6592B4491CC7E3400052AE72 /* EventHomeSocialTableViewController.swift in Sources */,
				655D49A41C822896007DC051 /* DiscoverTableViewController.swift in Sources */,
				65B0CF841C49A21600829D6D /* MMDrawerVisualState.m in Sources */,
				659627301CE3D44F001BE2B4 /* PostUpdateViewController.swift in Sources */,
			);
			runOnlyForDeploymentPostprocessing = 0;
		};
		653DC3391C44A54A00EEAECD /* Sources */ = {
			isa = PBXSourcesBuildPhase;
			buildActionMask = 2147483647;
			files = (
				653DC3421C44A54A00EEAECD /* Fuse_IgniteTests.swift in Sources */,
			);
			runOnlyForDeploymentPostprocessing = 0;
		};
		653DC3441C44A54A00EEAECD /* Sources */ = {
			isa = PBXSourcesBuildPhase;
			buildActionMask = 2147483647;
			files = (
				653DC34D1C44A54A00EEAECD /* Fuse_IgniteUITests.swift in Sources */,
			);
			runOnlyForDeploymentPostprocessing = 0;
		};
/* End PBXSourcesBuildPhase section */

/* Begin PBXTargetDependency section */
		653DC33F1C44A54A00EEAECD /* PBXTargetDependency */ = {
			isa = PBXTargetDependency;
			target = 653DC3281C44A54900EEAECD /* Fuse-Ignite */;
			targetProxy = 653DC33E1C44A54A00EEAECD /* PBXContainerItemProxy */;
		};
		653DC34A1C44A54A00EEAECD /* PBXTargetDependency */ = {
			isa = PBXTargetDependency;
			target = 653DC3281C44A54900EEAECD /* Fuse-Ignite */;
			targetProxy = 653DC3491C44A54A00EEAECD /* PBXContainerItemProxy */;
		};
/* End PBXTargetDependency section */

/* Begin PBXVariantGroup section */
		653DC3301C44A54A00EEAECD /* Main.storyboard */ = {
			isa = PBXVariantGroup;
			children = (
				653DC3311C44A54A00EEAECD /* Base */,
			);
			name = Main.storyboard;
			sourceTree = "<group>";
		};
		653DC3351C44A54A00EEAECD /* LaunchScreen.storyboard */ = {
			isa = PBXVariantGroup;
			children = (
				653DC3361C44A54A00EEAECD /* Base */,
			);
			name = LaunchScreen.storyboard;
			sourceTree = "<group>";
		};
/* End PBXVariantGroup section */

/* Begin XCBuildConfiguration section */
		652032291C4FF6A0002E9E94 /* adHoc */ = {
			isa = XCBuildConfiguration;
			buildSettings = {
				ALWAYS_SEARCH_USER_PATHS = NO;
				CLANG_CXX_LANGUAGE_STANDARD = "gnu++0x";
				CLANG_CXX_LIBRARY = "libc++";
				CLANG_ENABLE_MODULES = YES;
				CLANG_ENABLE_OBJC_ARC = YES;
				CLANG_WARN_BOOL_CONVERSION = YES;
				CLANG_WARN_CONSTANT_CONVERSION = YES;
				CLANG_WARN_DIRECT_OBJC_ISA_USAGE = YES_ERROR;
				CLANG_WARN_EMPTY_BODY = YES;
				CLANG_WARN_ENUM_CONVERSION = YES;
				CLANG_WARN_INT_CONVERSION = YES;
				CLANG_WARN_OBJC_ROOT_CLASS = YES_ERROR;
				CLANG_WARN_UNREACHABLE_CODE = YES;
				CLANG_WARN__DUPLICATE_METHOD_MATCH = YES;
				"CODE_SIGN_IDENTITY[sdk=iphoneos*]" = "iPhone Developer";
				COPY_PHASE_STRIP = NO;
				DEBUG_INFORMATION_FORMAT = "dwarf-with-dsym";
				ENABLE_NS_ASSERTIONS = NO;
				ENABLE_STRICT_OBJC_MSGSEND = YES;
				GCC_C_LANGUAGE_STANDARD = gnu99;
				GCC_NO_COMMON_BLOCKS = YES;
				GCC_WARN_64_TO_32_BIT_CONVERSION = YES;
				GCC_WARN_ABOUT_RETURN_TYPE = YES_ERROR;
				GCC_WARN_UNDECLARED_SELECTOR = YES;
				GCC_WARN_UNINITIALIZED_AUTOS = YES_AGGRESSIVE;
				GCC_WARN_UNUSED_FUNCTION = YES;
				GCC_WARN_UNUSED_VARIABLE = YES;
				IPHONEOS_DEPLOYMENT_TARGET = 9.2;
				MTL_ENABLE_DEBUG_INFO = NO;
				PROVISIONING_PROFILE = "ae986253-a580-43e3-9746-13b95c5ba04e";
				SDKROOT = iphoneos;
				VALIDATE_PRODUCT = YES;
			};
			name = adHoc;
		};
		6520322A1C4FF6A0002E9E94 /* adHoc */ = {
			isa = XCBuildConfiguration;
			buildSettings = {
				ASSETCATALOG_COMPILER_APPICON_NAME = AppIcon;
				CLANG_ENABLE_MODULES = YES;
				CODE_SIGN_IDENTITY = "iPhone Developer";
				"CODE_SIGN_IDENTITY[sdk=iphoneos*]" = "iPhone Developer";
				ENABLE_BITCODE = NO;
				FRAMEWORK_SEARCH_PATHS = (
					"$(inherited)",
					"$(PROJECT_DIR)",
				);
				INFOPLIST_FILE = "Fuse-Ignite/Info.plist";
				IPHONEOS_DEPLOYMENT_TARGET = 9.3;
				LD_RUNPATH_SEARCH_PATHS = "$(inherited) @executable_path/Frameworks";
				PRODUCT_BUNDLE_IDENTIFIER = "com.ftech.Fuse-Ignite";
				PRODUCT_NAME = "$(TARGET_NAME)";
				PROVISIONING_PROFILE = "";
				SWIFT_OBJC_BRIDGING_HEADER = "Fuse-Ignite/Fuse-Ignite-Bridging-Header.h";
				SWIFT_VERSION = 3.0;
			};
			name = adHoc;
		};
		6520322B1C4FF6A0002E9E94 /* adHoc */ = {
			isa = XCBuildConfiguration;
			buildSettings = {
				BUNDLE_LOADER = "$(TEST_HOST)";
				INFOPLIST_FILE = "Fuse-IgniteTests/Info.plist";
				LD_RUNPATH_SEARCH_PATHS = "$(inherited) @executable_path/Frameworks @loader_path/Frameworks";
				PRODUCT_BUNDLE_IDENTIFIER = "com.ftech.Fuse-IgniteTests";
				PRODUCT_NAME = "$(TARGET_NAME)";
				TEST_HOST = "$(BUILT_PRODUCTS_DIR)/Fuse-Ignite.app/Fuse-Ignite";
			};
			name = adHoc;
		};
		6520322C1C4FF6A0002E9E94 /* adHoc */ = {
			isa = XCBuildConfiguration;
			buildSettings = {
				INFOPLIST_FILE = "Fuse-IgniteUITests/Info.plist";
				LD_RUNPATH_SEARCH_PATHS = "$(inherited) @executable_path/Frameworks @loader_path/Frameworks";
				PRODUCT_BUNDLE_IDENTIFIER = "com.ftech.Fuse-IgniteUITests";
				PRODUCT_NAME = "$(TARGET_NAME)";
				TEST_TARGET_NAME = "Fuse-Ignite";
				USES_XCTRUNNER = YES;
			};
			name = adHoc;
		};
		653DC34F1C44A54A00EEAECD /* Debug */ = {
			isa = XCBuildConfiguration;
			buildSettings = {
				ALWAYS_SEARCH_USER_PATHS = NO;
				CLANG_CXX_LANGUAGE_STANDARD = "gnu++0x";
				CLANG_CXX_LIBRARY = "libc++";
				CLANG_ENABLE_MODULES = YES;
				CLANG_ENABLE_OBJC_ARC = YES;
				CLANG_WARN_BOOL_CONVERSION = YES;
				CLANG_WARN_CONSTANT_CONVERSION = YES;
				CLANG_WARN_DIRECT_OBJC_ISA_USAGE = YES_ERROR;
				CLANG_WARN_EMPTY_BODY = YES;
				CLANG_WARN_ENUM_CONVERSION = YES;
				CLANG_WARN_INT_CONVERSION = YES;
				CLANG_WARN_OBJC_ROOT_CLASS = YES_ERROR;
				CLANG_WARN_UNREACHABLE_CODE = YES;
				CLANG_WARN__DUPLICATE_METHOD_MATCH = YES;
				"CODE_SIGN_IDENTITY[sdk=iphoneos*]" = "iPhone Developer";
				COPY_PHASE_STRIP = NO;
				DEBUG_INFORMATION_FORMAT = dwarf;
				ENABLE_STRICT_OBJC_MSGSEND = YES;
				ENABLE_TESTABILITY = YES;
				GCC_C_LANGUAGE_STANDARD = gnu99;
				GCC_DYNAMIC_NO_PIC = NO;
				GCC_NO_COMMON_BLOCKS = YES;
				GCC_OPTIMIZATION_LEVEL = 0;
				GCC_PREPROCESSOR_DEFINITIONS = (
					"DEBUG=1",
					"$(inherited)",
				);
				GCC_WARN_64_TO_32_BIT_CONVERSION = YES;
				GCC_WARN_ABOUT_RETURN_TYPE = YES_ERROR;
				GCC_WARN_UNDECLARED_SELECTOR = YES;
				GCC_WARN_UNINITIALIZED_AUTOS = YES_AGGRESSIVE;
				GCC_WARN_UNUSED_FUNCTION = YES;
				GCC_WARN_UNUSED_VARIABLE = YES;
				IPHONEOS_DEPLOYMENT_TARGET = 9.2;
				MTL_ENABLE_DEBUG_INFO = YES;
				ONLY_ACTIVE_ARCH = YES;
				PROVISIONING_PROFILE = "eb1ff8aa-1b4d-4444-859f-1c0055cd0278";
				SDKROOT = iphoneos;
				SWIFT_OPTIMIZATION_LEVEL = "-Onone";
			};
			name = Debug;
		};
		653DC3501C44A54A00EEAECD /* Release */ = {
			isa = XCBuildConfiguration;
			buildSettings = {
				ALWAYS_SEARCH_USER_PATHS = NO;
				CLANG_CXX_LANGUAGE_STANDARD = "gnu++0x";
				CLANG_CXX_LIBRARY = "libc++";
				CLANG_ENABLE_MODULES = YES;
				CLANG_ENABLE_OBJC_ARC = YES;
				CLANG_WARN_BOOL_CONVERSION = YES;
				CLANG_WARN_CONSTANT_CONVERSION = YES;
				CLANG_WARN_DIRECT_OBJC_ISA_USAGE = YES_ERROR;
				CLANG_WARN_EMPTY_BODY = YES;
				CLANG_WARN_ENUM_CONVERSION = YES;
				CLANG_WARN_INT_CONVERSION = YES;
				CLANG_WARN_OBJC_ROOT_CLASS = YES_ERROR;
				CLANG_WARN_UNREACHABLE_CODE = YES;
				CLANG_WARN__DUPLICATE_METHOD_MATCH = YES;
				"CODE_SIGN_IDENTITY[sdk=iphoneos*]" = "iPhone Developer";
				COPY_PHASE_STRIP = NO;
				DEBUG_INFORMATION_FORMAT = "dwarf-with-dsym";
				ENABLE_NS_ASSERTIONS = NO;
				ENABLE_STRICT_OBJC_MSGSEND = YES;
				GCC_C_LANGUAGE_STANDARD = gnu99;
				GCC_NO_COMMON_BLOCKS = YES;
				GCC_WARN_64_TO_32_BIT_CONVERSION = YES;
				GCC_WARN_ABOUT_RETURN_TYPE = YES_ERROR;
				GCC_WARN_UNDECLARED_SELECTOR = YES;
				GCC_WARN_UNINITIALIZED_AUTOS = YES_AGGRESSIVE;
				GCC_WARN_UNUSED_FUNCTION = YES;
				GCC_WARN_UNUSED_VARIABLE = YES;
				IPHONEOS_DEPLOYMENT_TARGET = 9.2;
				MTL_ENABLE_DEBUG_INFO = NO;
				PROVISIONING_PROFILE = "ae986253-a580-43e3-9746-13b95c5ba04e";
				SDKROOT = iphoneos;
				VALIDATE_PRODUCT = YES;
			};
			name = Release;
		};
		653DC3521C44A54A00EEAECD /* Debug */ = {
			isa = XCBuildConfiguration;
			buildSettings = {
				ASSETCATALOG_COMPILER_APPICON_NAME = AppIcon;
				CLANG_ENABLE_MODULES = YES;
				CODE_SIGN_IDENTITY = "iPhone Developer";
				"CODE_SIGN_IDENTITY[sdk=iphoneos*]" = "iPhone Developer";
				ENABLE_BITCODE = NO;
				FRAMEWORK_SEARCH_PATHS = (
					"$(inherited)",
					"$(PROJECT_DIR)",
				);
				INFOPLIST_FILE = "Fuse-Ignite/Info.plist";
				IPHONEOS_DEPLOYMENT_TARGET = 9.3;
				LD_RUNPATH_SEARCH_PATHS = "$(inherited) @executable_path/Frameworks";
				PRODUCT_BUNDLE_IDENTIFIER = "com.ftech.Fuse-Ignite";
				PRODUCT_NAME = "$(TARGET_NAME)";
				PROVISIONING_PROFILE = "";
				SWIFT_OBJC_BRIDGING_HEADER = "Fuse-Ignite/Fuse-Ignite-Bridging-Header.h";
				SWIFT_OPTIMIZATION_LEVEL = "-Onone";
				SWIFT_VERSION = 3.0;
			};
			name = Debug;
		};
		653DC3531C44A54A00EEAECD /* Release */ = {
			isa = XCBuildConfiguration;
			buildSettings = {
				ASSETCATALOG_COMPILER_APPICON_NAME = AppIcon;
				CLANG_ENABLE_MODULES = YES;
				CODE_SIGN_IDENTITY = "iPhone Developer";
				"CODE_SIGN_IDENTITY[sdk=iphoneos*]" = "iPhone Developer";
				ENABLE_BITCODE = NO;
				FRAMEWORK_SEARCH_PATHS = (
					"$(inherited)",
					"$(PROJECT_DIR)",
				);
				INFOPLIST_FILE = "Fuse-Ignite/Info.plist";
				IPHONEOS_DEPLOYMENT_TARGET = 9.3;
				LD_RUNPATH_SEARCH_PATHS = "$(inherited) @executable_path/Frameworks";
				PRODUCT_BUNDLE_IDENTIFIER = "com.ftech.Fuse-Ignite";
				PRODUCT_NAME = "$(TARGET_NAME)";
				PROVISIONING_PROFILE = "";
				SWIFT_OBJC_BRIDGING_HEADER = "Fuse-Ignite/Fuse-Ignite-Bridging-Header.h";
				SWIFT_OPTIMIZATION_LEVEL = "-Owholemodule";
				SWIFT_VERSION = 3.0;
			};
			name = Release;
		};
		653DC3551C44A54A00EEAECD /* Debug */ = {
			isa = XCBuildConfiguration;
			buildSettings = {
				BUNDLE_LOADER = "$(TEST_HOST)";
				INFOPLIST_FILE = "Fuse-IgniteTests/Info.plist";
				LD_RUNPATH_SEARCH_PATHS = "$(inherited) @executable_path/Frameworks @loader_path/Frameworks";
				PRODUCT_BUNDLE_IDENTIFIER = "com.ftech.Fuse-IgniteTests";
				PRODUCT_NAME = "$(TARGET_NAME)";
				TEST_HOST = "$(BUILT_PRODUCTS_DIR)/Fuse-Ignite.app/Fuse-Ignite";
			};
			name = Debug;
		};
		653DC3561C44A54A00EEAECD /* Release */ = {
			isa = XCBuildConfiguration;
			buildSettings = {
				BUNDLE_LOADER = "$(TEST_HOST)";
				INFOPLIST_FILE = "Fuse-IgniteTests/Info.plist";
				LD_RUNPATH_SEARCH_PATHS = "$(inherited) @executable_path/Frameworks @loader_path/Frameworks";
				PRODUCT_BUNDLE_IDENTIFIER = "com.ftech.Fuse-IgniteTests";
				PRODUCT_NAME = "$(TARGET_NAME)";
				SWIFT_OPTIMIZATION_LEVEL = "-Owholemodule";
				TEST_HOST = "$(BUILT_PRODUCTS_DIR)/Fuse-Ignite.app/Fuse-Ignite";
			};
			name = Release;
		};
		653DC3581C44A54A00EEAECD /* Debug */ = {
			isa = XCBuildConfiguration;
			buildSettings = {
				INFOPLIST_FILE = "Fuse-IgniteUITests/Info.plist";
				LD_RUNPATH_SEARCH_PATHS = "$(inherited) @executable_path/Frameworks @loader_path/Frameworks";
				PRODUCT_BUNDLE_IDENTIFIER = "com.ftech.Fuse-IgniteUITests";
				PRODUCT_NAME = "$(TARGET_NAME)";
				TEST_TARGET_NAME = "Fuse-Ignite";
				USES_XCTRUNNER = YES;
			};
			name = Debug;
		};
		653DC3591C44A54A00EEAECD /* Release */ = {
			isa = XCBuildConfiguration;
			buildSettings = {
				INFOPLIST_FILE = "Fuse-IgniteUITests/Info.plist";
				LD_RUNPATH_SEARCH_PATHS = "$(inherited) @executable_path/Frameworks @loader_path/Frameworks";
				PRODUCT_BUNDLE_IDENTIFIER = "com.ftech.Fuse-IgniteUITests";
				PRODUCT_NAME = "$(TARGET_NAME)";
				SWIFT_OPTIMIZATION_LEVEL = "-Owholemodule";
				TEST_TARGET_NAME = "Fuse-Ignite";
				USES_XCTRUNNER = YES;
			};
			name = Release;
		};
/* End XCBuildConfiguration section */

/* Begin XCConfigurationList section */
		653DC3241C44A54900EEAECD /* Build configuration list for PBXProject "Fuse-Ignite" */ = {
			isa = XCConfigurationList;
			buildConfigurations = (
				653DC34F1C44A54A00EEAECD /* Debug */,
				653DC3501C44A54A00EEAECD /* Release */,
				652032291C4FF6A0002E9E94 /* adHoc */,
			);
			defaultConfigurationIsVisible = 0;
			defaultConfigurationName = adHoc;
		};
		653DC3511C44A54A00EEAECD /* Build configuration list for PBXNativeTarget "Fuse-Ignite" */ = {
			isa = XCConfigurationList;
			buildConfigurations = (
				653DC3521C44A54A00EEAECD /* Debug */,
				653DC3531C44A54A00EEAECD /* Release */,
				6520322A1C4FF6A0002E9E94 /* adHoc */,
			);
			defaultConfigurationIsVisible = 0;
			defaultConfigurationName = adHoc;
		};
		653DC3541C44A54A00EEAECD /* Build configuration list for PBXNativeTarget "Fuse-IgniteTests" */ = {
			isa = XCConfigurationList;
			buildConfigurations = (
				653DC3551C44A54A00EEAECD /* Debug */,
				653DC3561C44A54A00EEAECD /* Release */,
				6520322B1C4FF6A0002E9E94 /* adHoc */,
			);
			defaultConfigurationIsVisible = 0;
			defaultConfigurationName = adHoc;
		};
		653DC3571C44A54A00EEAECD /* Build configuration list for PBXNativeTarget "Fuse-IgniteUITests" */ = {
			isa = XCConfigurationList;
			buildConfigurations = (
				653DC3581C44A54A00EEAECD /* Debug */,
				653DC3591C44A54A00EEAECD /* Release */,
				6520322C1C4FF6A0002E9E94 /* adHoc */,
			);
			defaultConfigurationIsVisible = 0;
			defaultConfigurationName = adHoc;
		};
/* End XCConfigurationList section */
	};
	rootObject = 653DC3211C44A54900EEAECD /* Project object */;
}
